
Microsoft Visual Studio Solution File, Format Version 12.00
# Visual Studio Version 17
VisualStudioVersion = 17.3.32929.385
MinimumVisualStudioVersion = 10.0.40219.1
Project("{9A19103F-16F7-4668-BE54-9A1E7A4F7556}") = "DotnetIdentityApp", "DotnetIdentityApp\DotnetIdentityApp.csproj", "{718AC6EE-BBC0-474C-A029-DEB7B708459E}"
EndProject
Global
	GlobalSection(SolutionConfigurationPlatforms) = preSolution
		Debug|Any CPU = Debug|Any CPU
		Release|Any CPU = Release|Any CPU
	EndGlobalSection
	GlobalSection(ProjectConfigurationPlatforms) = postSolution
		{718AC6EE-BBC0-474C-A029-DEB7B708459E}.Debug|Any CPU.ActiveCfg = Debug|Any CPU
		{718AC6EE-BBC0-474C-A029-DEB7B708459E}.Debug|Any CPU.Build.0 = Debug|Any CPU
		{718AC6EE-BBC0-474C-A029-DEB7B708459E}.Release|Any CPU.ActiveCfg = Release|Any CPU
		{718AC6EE-BBC0-474C-A029-DEB7B708459E}.Release|Any CPU.Build.0 = Release|Any CPU
	EndGlobalSection
	GlobalSection(SolutionProperties) = preSolution
		HideSolutionNode = FALSE
	EndGlobalSection
	GlobalSection(ExtensibilityGlobals) = postSolution
		SolutionGuid = {3FF81084-07E4-4D84-919B-0528DE197806}
	EndGlobalSection
EndGlobal
